
Microsoft Visual Studio Solution File, Format Version 12.00
# Visual Studio Version 17
VisualStudioVersion = 17.1.32328.378
MinimumVisualStudioVersion = 10.0.40219.1
Project("{9A19103F-16F7-4668-BE54-9A1E7A4F7556}") = "LXC_Assignment1", "LXC_Assignment1\LXC_Assignment1.csproj", "{269665B9-86A3-4347-BBA9-095B8E1F594F}"
EndProject
Project("{FAE04EC0-301F-11D3-BF4B-00C04F79EFBC}") = "LXC_Assignment1.Test", "LXC_Assignment1.Test\LXC_Assignment1.Test.csproj", "{C74C4E7C-2DED-47B8-A78A-872016F93CC6}"
EndProject
Global
	GlobalSection(SolutionConfigurationPlatforms) = preSolution
		Debug|Any CPU = Debug|Any CPU
		Release|Any CPU = Release|Any CPU
	EndGlobalSection
	GlobalSection(ProjectConfigurationPlatforms) = postSolution
		{269665B9-86A3-4347-BBA9-095B8E1F594F}.Debug|Any CPU.ActiveCfg = Debug|Any CPU
		{269665B9-86A3-4347-BBA9-095B8E1F594F}.Debug|Any CPU.Build.0 = Debug|Any CPU
		{269665B9-86A3-4347-BBA9-095B8E1F594F}.Release|Any CPU.ActiveCfg = Release|Any CPU
		{269665B9-86A3-4347-BBA9-095B8E1F594F}.Release|Any CPU.Build.0 = Release|Any CPU
		{C74C4E7C-2DED-47B8-A78A-872016F93CC6}.Debug|Any CPU.ActiveCfg = Debug|Any CPU
		{C74C4E7C-2DED-47B8-A78A-872016F93CC6}.Debug|Any CPU.Build.0 = Debug|Any CPU
		{C74C4E7C-2DED-47B8-A78A-872016F93CC6}.Release|Any CPU.ActiveCfg = Release|Any CPU
		{C74C4E7C-2DED-47B8-A78A-872016F93CC6}.Release|Any CPU.Build.0 = Release|Any CPU
	EndGlobalSection
	GlobalSection(SolutionProperties) = preSolution
		HideSolutionNode = FALSE
	EndGlobalSection
	GlobalSection(ExtensibilityGlobals) = postSolution
		SolutionGuid = {D5B17764-8D1D-4650-BF9A-78EDDD9BCC42}
	EndGlobalSection
EndGlobal
